
Microsoft Visual Studio Solution File, Format Version 12.00
# Visual Studio 2017
Project("{FAE04EC0-301F-11D3-BF4B-00C04F79EFBC}") = "hololens_stress_test", "hololens_stress_test.csproj", "{3ABCB6C3-51A0-B5F8-9827-85A63378D103}"
EndProject
Project("{FAE04EC0-301F-11D3-BF4B-00C04F79EFBC}") = "hololens_stress_test.Editor", "hololens_stress_test.Editor.csproj", "{EBA24F94-62B1-8886-1ACC-37FCA1488A11}"
EndProject
Global
	GlobalSection(SolutionConfigurationPlatforms) = preSolution
		Debug|Any CPU = Debug|Any CPU
		Release|Any CPU = Release|Any CPU
	EndGlobalSection
	GlobalSection(ProjectConfigurationPlatforms) = postSolution
		{3ABCB6C3-51A0-B5F8-9827-85A63378D103}.Debug|Any CPU.ActiveCfg = Debug|Any CPU
		{3ABCB6C3-51A0-B5F8-9827-85A63378D103}.Debug|Any CPU.Build.0 = Debug|Any CPU
		{3ABCB6C3-51A0-B5F8-9827-85A63378D103}.Release|Any CPU.ActiveCfg = Release|Any CPU
		{3ABCB6C3-51A0-B5F8-9827-85A63378D103}.Release|Any CPU.Build.0 = Release|Any CPU
		{EBA24F94-62B1-8886-1ACC-37FCA1488A11}.Debug|Any CPU.ActiveCfg = Debug|Any CPU
		{EBA24F94-62B1-8886-1ACC-37FCA1488A11}.Debug|Any CPU.Build.0 = Debug|Any CPU
		{EBA24F94-62B1-8886-1ACC-37FCA1488A11}.Release|Any CPU.ActiveCfg = Release|Any CPU
		{EBA24F94-62B1-8886-1ACC-37FCA1488A11}.Release|Any CPU.Build.0 = Release|Any CPU
	EndGlobalSection
	GlobalSection(SolutionProperties) = preSolution
		HideSolutionNode = FALSE
	EndGlobalSection
EndGlobal
